
Microsoft Visual Studio Solution File, Format Version 12.00
# Visual Studio 2012
Project("{FAE04EC0-301F-11D3-BF4B-00C04F79EFBC}") = "GladiatusBOT", "GladiatusBOT\GladiatusBOT.csproj", "{78129929-9B82-4146-80EC-6DEAD171D028}"
EndProject
Global
	GlobalSection(SolutionConfigurationPlatforms) = preSolution
		Debug|Any CPU = Debug|Any CPU
		Release|Any CPU = Release|Any CPU
	EndGlobalSection
	GlobalSection(ProjectConfigurationPlatforms) = postSolution
		{78129929-9B82-4146-80EC-6DEAD171D028}.Debug|Any CPU.ActiveCfg = Debug|Any CPU
		{78129929-9B82-4146-80EC-6DEAD171D028}.Debug|Any CPU.Build.0 = Debug|Any CPU
		{78129929-9B82-4146-80EC-6DEAD171D028}.Release|Any CPU.ActiveCfg = Release|Any CPU
		{78129929-9B82-4146-80EC-6DEAD171D028}.Release|Any CPU.Build.0 = Release|Any CPU
	EndGlobalSection
	GlobalSection(SolutionProperties) = preSolution
		HideSolutionNode = FALSE
	EndGlobalSection
EndGlobal
